// !$*UTF8*$!
{
	archiveVersion = 1;
	classes = {
	};
	objectVersion = 55;
	objects = {

/* Begin PBXBuildFile section */
		47FFF492292042FC0022159C /* HomeItemCollectionViewCell.swift in Sources */ = {isa = PBXBuildFile; fileRef = 47FFF48D292042FC0022159C /* HomeItemCollectionViewCell.swift */; };
		47FFF493292042FC0022159C /* HomeTableViewCell.swift in Sources */ = {isa = PBXBuildFile; fileRef = 47FFF48E292042FC0022159C /* HomeTableViewCell.swift */; };
		47FFF494292042FC0022159C /* HomeViewController.swift in Sources */ = {isa = PBXBuildFile; fileRef = 47FFF48F292042FC0022159C /* HomeViewController.swift */; };
		47FFF495292042FC0022159C /* BaseScrollView.swift in Sources */ = {isa = PBXBuildFile; fileRef = 47FFF490292042FC0022159C /* BaseScrollView.swift */; };
		47FFF496292042FC0022159C /* HorizontalScrollView.swift in Sources */ = {isa = PBXBuildFile; fileRef = 47FFF491292042FC0022159C /* HorizontalScrollView.swift */; };
		91A2904C291FDA5300BC6010 /* AppDelegate.swift in Sources */ = {isa = PBXBuildFile; fileRef = 91A2904B291FDA5300BC6010 /* AppDelegate.swift */; };
		91A2904E291FDA5300BC6010 /* SceneDelegate.swift in Sources */ = {isa = PBXBuildFile; fileRef = 91A2904D291FDA5300BC6010 /* SceneDelegate.swift */; };
		91A29050291FDA5300BC6010 /* ViewController.swift in Sources */ = {isa = PBXBuildFile; fileRef = 91A2904F291FDA5300BC6010 /* ViewController.swift */; };
		91A29055291FDA5500BC6010 /* Assets.xcassets in Resources */ = {isa = PBXBuildFile; fileRef = 91A29054291FDA5500BC6010 /* Assets.xcassets */; };
		91A29058291FDA5500BC6010 /* LaunchScreen.storyboard in Resources */ = {isa = PBXBuildFile; fileRef = 91A29056291FDA5500BC6010 /* LaunchScreen.storyboard */; };
		91A29076291FE13200BC6010 /* SnapKit in Frameworks */ = {isa = PBXBuildFile; productRef = 91A29075291FE13200BC6010 /* SnapKit */; };
		91A29079291FE13A00BC6010 /* Then in Frameworks */ = {isa = PBXBuildFile; productRef = 91A29078291FE13A00BC6010 /* Then */; };
		91A2907E291FE1B300BC6010 /* CustomTabBarController.swift in Sources */ = {isa = PBXBuildFile; fileRef = 91A2907D291FE1B300BC6010 /* CustomTabBarController.swift */; };
		91A29080291FE21B00BC6010 /* SignInViewController.swift in Sources */ = {isa = PBXBuildFile; fileRef = 91A2907F291FE21B00BC6010 /* SignInViewController.swift */; };
		91A29082291FE25500BC6010 /* SignUpViewController.swift in Sources */ = {isa = PBXBuildFile; fileRef = 91A29081291FE25500BC6010 /* SignUpViewController.swift */; };
		91A29084291FE2AF00BC6010 /* UITextField+.swift in Sources */ = {isa = PBXBuildFile; fileRef = 91A29083291FE2AF00BC6010 /* UITextField+.swift */; };
		91A29086291FE2FA00BC6010 /* UIStackView+.swift in Sources */ = {isa = PBXBuildFile; fileRef = 91A29085291FE2FA00BC6010 /* UIStackView+.swift */; };
		91A29089291FE51200BC6010 /* Realm in Frameworks */ = {isa = PBXBuildFile; productRef = 91A29088291FE51200BC6010 /* Realm */; };
		91A2908B291FE51200BC6010 /* RealmSwift in Frameworks */ = {isa = PBXBuildFile; productRef = 91A2908A291FE51200BC6010 /* RealmSwift */; };
		91A29096291FFEBA00BC6010 /* ScheduleViewController.swift in Sources */ = {isa = PBXBuildFile; fileRef = 91A29095291FFEBA00BC6010 /* ScheduleViewController.swift */; };
		91A29098291FFEC500BC6010 /* ProfileViewController.swift in Sources */ = {isa = PBXBuildFile; fileRef = 91A29097291FFEC500BC6010 /* ProfileViewController.swift */; };
		91A2909A2920001600BC6010 /* UIColor+.swift in Sources */ = {isa = PBXBuildFile; fileRef = 91A290992920001600BC6010 /* UIColor+.swift */; };
		91A2909D292001BB00BC6010 /* WriteViewController.swift in Sources */ = {isa = PBXBuildFile; fileRef = 91A2909C292001BB00BC6010 /* WriteViewController.swift */; };
		91A290A1292005A200BC6010 /* RealmService.swift in Sources */ = {isa = PBXBuildFile; fileRef = 91A290A0292005A200BC6010 /* RealmService.swift */; };
		91A290A32920061100BC6010 /* User.swift in Sources */ = {isa = PBXBuildFile; fileRef = 91A290A22920061100BC6010 /* User.swift */; };
		91A290AF29203E3000BC6010 /* ButtonStackView.swift in Sources */ = {isa = PBXBuildFile; fileRef = 91A290AE29203E3000BC6010 /* ButtonStackView.swift */; };
		91A290B129203E4200BC6010 /* GradeViewController.swift in Sources */ = {isa = PBXBuildFile; fileRef = 91A290B029203E4200BC6010 /* GradeViewController.swift */; };
/* End PBXBuildFile section */

/* Begin PBXFileReference section */
		47FFF48D292042FC0022159C /* HomeItemCollectionViewCell.swift */ = {isa = PBXFileReference; fileEncoding = 4; lastKnownFileType = sourcecode.swift; name = HomeItemCollectionViewCell.swift; path = ../../../../../../Client/Main/TabBarComponent/Home/HomeItemCollectionViewCell.swift; sourceTree = "<group>"; };
		47FFF48E292042FC0022159C /* HomeTableViewCell.swift */ = {isa = PBXFileReference; fileEncoding = 4; lastKnownFileType = sourcecode.swift; path = HomeTableViewCell.swift; sourceTree = "<group>"; };
		47FFF48F292042FC0022159C /* HomeViewController.swift */ = {isa = PBXFileReference; fileEncoding = 4; lastKnownFileType = sourcecode.swift; name = HomeViewController.swift; path = ../../../../../../Client/Main/TabBarComponent/Home/HomeViewController.swift; sourceTree = "<group>"; };
		47FFF490292042FC0022159C /* BaseScrollView.swift */ = {isa = PBXFileReference; fileEncoding = 4; lastKnownFileType = sourcecode.swift; path = BaseScrollView.swift; sourceTree = "<group>"; };
		47FFF491292042FC0022159C /* HorizontalScrollView.swift */ = {isa = PBXFileReference; fileEncoding = 4; lastKnownFileType = sourcecode.swift; path = HorizontalScrollView.swift; sourceTree = "<group>"; };
		91A29048291FDA5300BC6010 /* Client.app */ = {isa = PBXFileReference; explicitFileType = wrapper.application; includeInIndex = 0; path = Client.app; sourceTree = BUILT_PRODUCTS_DIR; };
		91A2904B291FDA5300BC6010 /* AppDelegate.swift */ = {isa = PBXFileReference; lastKnownFileType = sourcecode.swift; path = AppDelegate.swift; sourceTree = "<group>"; };
		91A2904D291FDA5300BC6010 /* SceneDelegate.swift */ = {isa = PBXFileReference; lastKnownFileType = sourcecode.swift; path = SceneDelegate.swift; sourceTree = "<group>"; };
		91A2904F291FDA5300BC6010 /* ViewController.swift */ = {isa = PBXFileReference; lastKnownFileType = sourcecode.swift; path = ViewController.swift; sourceTree = "<group>"; };
		91A29054291FDA5500BC6010 /* Assets.xcassets */ = {isa = PBXFileReference; lastKnownFileType = folder.assetcatalog; path = Assets.xcassets; sourceTree = "<group>"; };
		91A29057291FDA5500BC6010 /* Base */ = {isa = PBXFileReference; lastKnownFileType = file.storyboard; name = Base; path = Base.lproj/LaunchScreen.storyboard; sourceTree = "<group>"; };
		91A29059291FDA5500BC6010 /* Info.plist */ = {isa = PBXFileReference; lastKnownFileType = text.plist.xml; path = Info.plist; sourceTree = "<group>"; };
		91A2907D291FE1B300BC6010 /* CustomTabBarController.swift */ = {isa = PBXFileReference; lastKnownFileType = sourcecode.swift; path = CustomTabBarController.swift; sourceTree = "<group>"; };
		91A2907F291FE21B00BC6010 /* SignInViewController.swift */ = {isa = PBXFileReference; lastKnownFileType = sourcecode.swift; path = SignInViewController.swift; sourceTree = "<group>"; };
		91A29081291FE25500BC6010 /* SignUpViewController.swift */ = {isa = PBXFileReference; lastKnownFileType = sourcecode.swift; path = SignUpViewController.swift; sourceTree = "<group>"; };
		91A29083291FE2AF00BC6010 /* UITextField+.swift */ = {isa = PBXFileReference; lastKnownFileType = sourcecode.swift; path = "UITextField+.swift"; sourceTree = "<group>"; };
		91A29085291FE2FA00BC6010 /* UIStackView+.swift */ = {isa = PBXFileReference; lastKnownFileType = sourcecode.swift; path = "UIStackView+.swift"; sourceTree = "<group>"; };
		91A29095291FFEBA00BC6010 /* ScheduleViewController.swift */ = {isa = PBXFileReference; lastKnownFileType = sourcecode.swift; path = ScheduleViewController.swift; sourceTree = "<group>"; };
		91A29097291FFEC500BC6010 /* ProfileViewController.swift */ = {isa = PBXFileReference; lastKnownFileType = sourcecode.swift; path = ProfileViewController.swift; sourceTree = "<group>"; };
		91A290992920001600BC6010 /* UIColor+.swift */ = {isa = PBXFileReference; lastKnownFileType = sourcecode.swift; path = "UIColor+.swift"; sourceTree = "<group>"; };
		91A2909C292001BB00BC6010 /* WriteViewController.swift */ = {isa = PBXFileReference; lastKnownFileType = sourcecode.swift; path = WriteViewController.swift; sourceTree = "<group>"; };
		91A290A0292005A200BC6010 /* RealmService.swift */ = {isa = PBXFileReference; lastKnownFileType = sourcecode.swift; path = RealmService.swift; sourceTree = "<group>"; };
		91A290A22920061100BC6010 /* User.swift */ = {isa = PBXFileReference; lastKnownFileType = sourcecode.swift; path = User.swift; sourceTree = "<group>"; };
		91A290AE29203E3000BC6010 /* ButtonStackView.swift */ = {isa = PBXFileReference; lastKnownFileType = sourcecode.swift; path = ButtonStackView.swift; sourceTree = "<group>"; };
		91A290B029203E4200BC6010 /* GradeViewController.swift */ = {isa = PBXFileReference; lastKnownFileType = sourcecode.swift; path = GradeViewController.swift; sourceTree = "<group>"; };
/* End PBXFileReference section */

/* Begin PBXFrameworksBuildPhase section */
		91A29045291FDA5300BC6010 /* Frameworks */ = {
			isa = PBXFrameworksBuildPhase;
			buildActionMask = 2147483647;
			files = (
				91A2908B291FE51200BC6010 /* RealmSwift in Frameworks */,
				91A29089291FE51200BC6010 /* Realm in Frameworks */,
				91A29076291FE13200BC6010 /* SnapKit in Frameworks */,
				91A29079291FE13A00BC6010 /* Then in Frameworks */,
			);
			runOnlyForDeploymentPostprocessing = 0;
		};
/* End PBXFrameworksBuildPhase section */

/* Begin PBXGroup section */
		91A2903F291FDA5300BC6010 = {
			isa = PBXGroup;
			children = (
				91A2904A291FDA5300BC6010 /* Client */,
				91A29049291FDA5300BC6010 /* Products */,
			);
			sourceTree = "<group>";
		};
		91A29049291FDA5300BC6010 /* Products */ = {
			isa = PBXGroup;
			children = (
				91A29048291FDA5300BC6010 /* Client.app */,
			);
			name = Products;
			sourceTree = "<group>";
		};
		91A2904A291FDA5300BC6010 /* Client */ = {
			isa = PBXGroup;
			children = (
				91A290AD29203E1900BC6010 /* Grade */,
				91A2909B292001A000BC6010 /* WritePage */,
				91A29092291FFDC300BC6010 /* FirstUserSetting */,
				91A29091291FFDBB00BC6010 /* Realm */,
				91A2907C291FE19600BC6010 /* Main */,
				91A2907B291FE18F00BC6010 /* Extension */,
				91A2907A291FE18600BC6010 /* Sign */,
				91A2904B291FDA5300BC6010 /* AppDelegate.swift */,
				91A2904D291FDA5300BC6010 /* SceneDelegate.swift */,
				91A2904F291FDA5300BC6010 /* ViewController.swift */,
				91A29054291FDA5500BC6010 /* Assets.xcassets */,
				91A29056291FDA5500BC6010 /* LaunchScreen.storyboard */,
				91A29059291FDA5500BC6010 /* Info.plist */,
			);
			path = Client;
			sourceTree = "<group>";
		};
		91A2907A291FE18600BC6010 /* Sign */ = {
			isa = PBXGroup;
			children = (
				91A2907F291FE21B00BC6010 /* SignInViewController.swift */,
				91A29081291FE25500BC6010 /* SignUpViewController.swift */,
			);
			path = Sign;
			sourceTree = "<group>";
		};
		91A2907B291FE18F00BC6010 /* Extension */ = {
			isa = PBXGroup;
			children = (
				91A29083291FE2AF00BC6010 /* UITextField+.swift */,
				91A29085291FE2FA00BC6010 /* UIStackView+.swift */,
				91A290992920001600BC6010 /* UIColor+.swift */,
			);
			path = Extension;
			sourceTree = "<group>";
		};
		91A2907C291FE19600BC6010 /* Main */ = {
			isa = PBXGroup;
			children = (
				91A2907D291FE1B300BC6010 /* CustomTabBarController.swift */,
				91A2908C291FFD7100BC6010 /* TabBarComponent */,
			);
			path = Main;
			sourceTree = "<group>";
		};
		91A2908C291FFD7100BC6010 /* TabBarComponent */ = {
			isa = PBXGroup;
			children = (
				91A29090291FFDAE00BC6010 /* Profile */,
				91A2908F291FFDA300BC6010 /* Schedule */,
				91A2908D291FFD8600BC6010 /* Home */,
			);
			path = TabBarComponent;
			sourceTree = "<group>";
		};
		91A2908D291FFD8600BC6010 /* Home */ = {
			isa = PBXGroup;
			children = (
				47FFF490292042FC0022159C /* BaseScrollView.swift */,
				47FFF48D292042FC0022159C /* HomeItemCollectionViewCell.swift */,
				47FFF48E292042FC0022159C /* HomeTableViewCell.swift */,
				47FFF48F292042FC0022159C /* HomeViewController.swift */,
				47FFF491292042FC0022159C /* HorizontalScrollView.swift */,
			);
			path = Home;
			sourceTree = "<group>";
		};
		91A2908F291FFDA300BC6010 /* Schedule */ = {
			isa = PBXGroup;
			children = (
				91A29095291FFEBA00BC6010 /* ScheduleViewController.swift */,
			);
			path = Schedule;
			sourceTree = "<group>";
		};
		91A29090291FFDAE00BC6010 /* Profile */ = {
			isa = PBXGroup;
			children = (
				91A29097291FFEC500BC6010 /* ProfileViewController.swift */,
			);
			path = Profile;
			sourceTree = "<group>";
		};
		91A29091291FFDBB00BC6010 /* Realm */ = {
			isa = PBXGroup;
			children = (
				91A290A22920061100BC6010 /* User.swift */,
				91A290A0292005A200BC6010 /* RealmService.swift */,
			);
			path = Realm;
			sourceTree = "<group>";
		};
		91A29092291FFDC300BC6010 /* FirstUserSetting */ = {
			isa = PBXGroup;
			children = (
			);
			path = FirstUserSetting;
			sourceTree = "<group>";
		};
		91A2909B292001A000BC6010 /* WritePage */ = {
			isa = PBXGroup;
			children = (
				91A2909C292001BB00BC6010 /* WriteViewController.swift */,
				91A2909F2920045200BC6010 /* View */,
			);
			path = WritePage;
			sourceTree = "<group>";
		};
		91A2909F2920045200BC6010 /* View */ = {
			isa = PBXGroup;
			children = (
			);
			path = View;
			sourceTree = "<group>";
		};
		91A290AD29203E1900BC6010 /* Grade */ = {
			isa = PBXGroup;
			children = (
				91A290B029203E4200BC6010 /* GradeViewController.swift */,
				91A290B229203E4C00BC6010 /* View */,
			);
			path = Grade;
			sourceTree = "<group>";
		};
		91A290B229203E4C00BC6010 /* View */ = {
			isa = PBXGroup;
			children = (
				91A290AE29203E3000BC6010 /* ButtonStackView.swift */,
			);
			path = View;
			sourceTree = "<group>";
		};
/* End PBXGroup section */

/* Begin PBXNativeTarget section */
		91A29047291FDA5300BC6010 /* Client */ = {
			isa = PBXNativeTarget;
			buildConfigurationList = 91A2905C291FDA5500BC6010 /* Build configuration list for PBXNativeTarget "Client" */;
			buildPhases = (
				91A29044291FDA5300BC6010 /* Sources */,
				91A29045291FDA5300BC6010 /* Frameworks */,
				91A29046291FDA5300BC6010 /* Resources */,
			);
			buildRules = (
			);
			dependencies = (
			);
			name = Client;
			packageProductDependencies = (
				91A29075291FE13200BC6010 /* SnapKit */,
				91A29078291FE13A00BC6010 /* Then */,
				91A29088291FE51200BC6010 /* Realm */,
				91A2908A291FE51200BC6010 /* RealmSwift */,
			);
			productName = Client;
			productReference = 91A29048291FDA5300BC6010 /* Client.app */;
			productType = "com.apple.product-type.application";
		};
/* End PBXNativeTarget section */

/* Begin PBXProject section */
		91A29040291FDA5300BC6010 /* Project object */ = {
			isa = PBXProject;
			attributes = {
				BuildIndependentTargetsInParallel = 1;
				LastSwiftUpdateCheck = 1320;
				LastUpgradeCheck = 1320;
				TargetAttributes = {
					91A29047291FDA5300BC6010 = {
						CreatedOnToolsVersion = 13.2.1;
					};
				};
			};
			buildConfigurationList = 91A29043291FDA5300BC6010 /* Build configuration list for PBXProject "Client" */;
			compatibilityVersion = "Xcode 13.0";
			developmentRegion = en;
			hasScannedForEncodings = 0;
			knownRegions = (
				en,
				Base,
			);
			mainGroup = 91A2903F291FDA5300BC6010;
			packageReferences = (
				91A29074291FE13200BC6010 /* XCRemoteSwiftPackageReference "SnapKit" */,
				91A29077291FE13A00BC6010 /* XCRemoteSwiftPackageReference "Then" */,
				91A29087291FE51100BC6010 /* XCRemoteSwiftPackageReference "realm-swift" */,
			);
			productRefGroup = 91A29049291FDA5300BC6010 /* Products */;
			projectDirPath = "";
			projectRoot = "";
			targets = (
				91A29047291FDA5300BC6010 /* Client */,
			);
		};
/* End PBXProject section */

/* Begin PBXResourcesBuildPhase section */
		91A29046291FDA5300BC6010 /* Resources */ = {
			isa = PBXResourcesBuildPhase;
			buildActionMask = 2147483647;
			files = (
				91A29058291FDA5500BC6010 /* LaunchScreen.storyboard in Resources */,
				91A29055291FDA5500BC6010 /* Assets.xcassets in Resources */,
			);
			runOnlyForDeploymentPostprocessing = 0;
		};
/* End PBXResourcesBuildPhase section */

/* Begin PBXSourcesBuildPhase section */
		91A29044291FDA5300BC6010 /* Sources */ = {
			isa = PBXSourcesBuildPhase;
			buildActionMask = 2147483647;
			files = (
				91A29082291FE25500BC6010 /* SignUpViewController.swift in Sources */,
				91A29050291FDA5300BC6010 /* ViewController.swift in Sources */,
				91A29084291FE2AF00BC6010 /* UITextField+.swift in Sources */,
				91A2904C291FDA5300BC6010 /* AppDelegate.swift in Sources */,
				47FFF495292042FC0022159C /* BaseScrollView.swift in Sources */,
				91A2907E291FE1B300BC6010 /* CustomTabBarController.swift in Sources */,
				47FFF494292042FC0022159C /* HomeViewController.swift in Sources */,
				91A2909D292001BB00BC6010 /* WriteViewController.swift in Sources */,
				47FFF493292042FC0022159C /* HomeTableViewCell.swift in Sources */,
				91A2909A2920001600BC6010 /* UIColor+.swift in Sources */,
				91A29096291FFEBA00BC6010 /* ScheduleViewController.swift in Sources */,
				47FFF496292042FC0022159C /* HorizontalScrollView.swift in Sources */,
				91A290A32920061100BC6010 /* User.swift in Sources */,
				91A29098291FFEC500BC6010 /* ProfileViewController.swift in Sources */,
				91A290B129203E4200BC6010 /* GradeViewController.swift in Sources */,
				91A290A1292005A200BC6010 /* RealmService.swift in Sources */,
				91A29080291FE21B00BC6010 /* SignInViewController.swift in Sources */,
				91A290AF29203E3000BC6010 /* ButtonStackView.swift in Sources */,
				91A2904E291FDA5300BC6010 /* SceneDelegate.swift in Sources */,
				91A29086291FE2FA00BC6010 /* UIStackView+.swift in Sources */,
				47FFF492292042FC0022159C /* HomeItemCollectionViewCell.swift in Sources */,
			);
			runOnlyForDeploymentPostprocessing = 0;
		};
/* End PBXSourcesBuildPhase section */

/* Begin PBXVariantGroup section */
		91A29056291FDA5500BC6010 /* LaunchScreen.storyboard */ = {
			isa = PBXVariantGroup;
			children = (
				91A29057291FDA5500BC6010 /* Base */,
			);
			name = LaunchScreen.storyboard;
			sourceTree = "<group>";
		};
/* End PBXVariantGroup section */

/* Begin XCBuildConfiguration section */
		91A2905A291FDA5500BC6010 /* Debug */ = {
			isa = XCBuildConfiguration;
			buildSettings = {
				ALWAYS_SEARCH_USER_PATHS = NO;
				CLANG_ANALYZER_NONNULL = YES;
				CLANG_ANALYZER_NUMBER_OBJECT_CONVERSION = YES_AGGRESSIVE;
				CLANG_CXX_LANGUAGE_STANDARD = "gnu++17";
				CLANG_CXX_LIBRARY = "libc++";
				CLANG_ENABLE_MODULES = YES;
				CLANG_ENABLE_OBJC_ARC = YES;
				CLANG_ENABLE_OBJC_WEAK = YES;
				CLANG_WARN_BLOCK_CAPTURE_AUTORELEASING = YES;
				CLANG_WARN_BOOL_CONVERSION = YES;
				CLANG_WARN_COMMA = YES;
				CLANG_WARN_CONSTANT_CONVERSION = YES;
				CLANG_WARN_DEPRECATED_OBJC_IMPLEMENTATIONS = YES;
				CLANG_WARN_DIRECT_OBJC_ISA_USAGE = YES_ERROR;
				CLANG_WARN_DOCUMENTATION_COMMENTS = YES;
				CLANG_WARN_EMPTY_BODY = YES;
				CLANG_WARN_ENUM_CONVERSION = YES;
				CLANG_WARN_INFINITE_RECURSION = YES;
				CLANG_WARN_INT_CONVERSION = YES;
				CLANG_WARN_NON_LITERAL_NULL_CONVERSION = YES;
				CLANG_WARN_OBJC_IMPLICIT_RETAIN_SELF = YES;
				CLANG_WARN_OBJC_LITERAL_CONVERSION = YES;
				CLANG_WARN_OBJC_ROOT_CLASS = YES_ERROR;
				CLANG_WARN_QUOTED_INCLUDE_IN_FRAMEWORK_HEADER = YES;
				CLANG_WARN_RANGE_LOOP_ANALYSIS = YES;
				CLANG_WARN_STRICT_PROTOTYPES = YES;
				CLANG_WARN_SUSPICIOUS_MOVE = YES;
				CLANG_WARN_UNGUARDED_AVAILABILITY = YES_AGGRESSIVE;
				CLANG_WARN_UNREACHABLE_CODE = YES;
				CLANG_WARN__DUPLICATE_METHOD_MATCH = YES;
				COPY_PHASE_STRIP = NO;
				DEBUG_INFORMATION_FORMAT = dwarf;
				ENABLE_STRICT_OBJC_MSGSEND = YES;
				ENABLE_TESTABILITY = YES;
				GCC_C_LANGUAGE_STANDARD = gnu11;
				GCC_DYNAMIC_NO_PIC = NO;
				GCC_NO_COMMON_BLOCKS = YES;
				GCC_OPTIMIZATION_LEVEL = 0;
				GCC_PREPROCESSOR_DEFINITIONS = (
					"DEBUG=1",
					"$(inherited)",
				);
				GCC_WARN_64_TO_32_BIT_CONVERSION = YES;
				GCC_WARN_ABOUT_RETURN_TYPE = YES_ERROR;
				GCC_WARN_UNDECLARED_SELECTOR = YES;
				GCC_WARN_UNINITIALIZED_AUTOS = YES_AGGRESSIVE;
				GCC_WARN_UNUSED_FUNCTION = YES;
				GCC_WARN_UNUSED_VARIABLE = YES;
				IPHONEOS_DEPLOYMENT_TARGET = 15.2;
				MTL_ENABLE_DEBUG_INFO = INCLUDE_SOURCE;
				MTL_FAST_MATH = YES;
				ONLY_ACTIVE_ARCH = YES;
				SDKROOT = iphoneos;
				SWIFT_ACTIVE_COMPILATION_CONDITIONS = DEBUG;
				SWIFT_OPTIMIZATION_LEVEL = "-Onone";
			};
			name = Debug;
		};
		91A2905B291FDA5500BC6010 /* Release */ = {
			isa = XCBuildConfiguration;
			buildSettings = {
				ALWAYS_SEARCH_USER_PATHS = NO;
				CLANG_ANALYZER_NONNULL = YES;
				CLANG_ANALYZER_NUMBER_OBJECT_CONVERSION = YES_AGGRESSIVE;
				CLANG_CXX_LANGUAGE_STANDARD = "gnu++17";
				CLANG_CXX_LIBRARY = "libc++";
				CLANG_ENABLE_MODULES = YES;
				CLANG_ENABLE_OBJC_ARC = YES;
				CLANG_ENABLE_OBJC_WEAK = YES;
				CLANG_WARN_BLOCK_CAPTURE_AUTORELEASING = YES;
				CLANG_WARN_BOOL_CONVERSION = YES;
				CLANG_WARN_COMMA = YES;
				CLANG_WARN_CONSTANT_CONVERSION = YES;
				CLANG_WARN_DEPRECATED_OBJC_IMPLEMENTATIONS = YES;
				CLANG_WARN_DIRECT_OBJC_ISA_USAGE = YES_ERROR;
				CLANG_WARN_DOCUMENTATION_COMMENTS = YES;
				CLANG_WARN_EMPTY_BODY = YES;
				CLANG_WARN_ENUM_CONVERSION = YES;
				CLANG_WARN_INFINITE_RECURSION = YES;
				CLANG_WARN_INT_CONVERSION = YES;
				CLANG_WARN_NON_LITERAL_NULL_CONVERSION = YES;
				CLANG_WARN_OBJC_IMPLICIT_RETAIN_SELF = YES;
				CLANG_WARN_OBJC_LITERAL_CONVERSION = YES;
				CLANG_WARN_OBJC_ROOT_CLASS = YES_ERROR;
				CLANG_WARN_QUOTED_INCLUDE_IN_FRAMEWORK_HEADER = YES;
				CLANG_WARN_RANGE_LOOP_ANALYSIS = YES;
				CLANG_WARN_STRICT_PROTOTYPES = YES;
				CLANG_WARN_SUSPICIOUS_MOVE = YES;
				CLANG_WARN_UNGUARDED_AVAILABILITY = YES_AGGRESSIVE;
				CLANG_WARN_UNREACHABLE_CODE = YES;
				CLANG_WARN__DUPLICATE_METHOD_MATCH = YES;
				COPY_PHASE_STRIP = NO;
				DEBUG_INFORMATION_FORMAT = "dwarf-with-dsym";
				ENABLE_NS_ASSERTIONS = NO;
				ENABLE_STRICT_OBJC_MSGSEND = YES;
				GCC_C_LANGUAGE_STANDARD = gnu11;
				GCC_NO_COMMON_BLOCKS = YES;
				GCC_WARN_64_TO_32_BIT_CONVERSION = YES;
				GCC_WARN_ABOUT_RETURN_TYPE = YES_ERROR;
				GCC_WARN_UNDECLARED_SELECTOR = YES;
				GCC_WARN_UNINITIALIZED_AUTOS = YES_AGGRESSIVE;
				GCC_WARN_UNUSED_FUNCTION = YES;
				GCC_WARN_UNUSED_VARIABLE = YES;
				IPHONEOS_DEPLOYMENT_TARGET = 15.2;
				MTL_ENABLE_DEBUG_INFO = NO;
				MTL_FAST_MATH = YES;
				SDKROOT = iphoneos;
				SWIFT_COMPILATION_MODE = wholemodule;
				SWIFT_OPTIMIZATION_LEVEL = "-O";
				VALIDATE_PRODUCT = YES;
			};
			name = Release;
		};
		91A2905D291FDA5500BC6010 /* Debug */ = {
			isa = XCBuildConfiguration;
			buildSettings = {
				ASSETCATALOG_COMPILER_APPICON_NAME = AppIcon;
				ASSETCATALOG_COMPILER_GLOBAL_ACCENT_COLOR_NAME = AccentColor;
				CODE_SIGN_STYLE = Automatic;
				CURRENT_PROJECT_VERSION = 1;
				DEVELOPMENT_TEAM = D96A3BCL3R;
				GENERATE_INFOPLIST_FILE = YES;
				INFOPLIST_FILE = Client/Info.plist;
				INFOPLIST_KEY_UIApplicationSupportsIndirectInputEvents = YES;
				INFOPLIST_KEY_UILaunchStoryboardName = LaunchScreen;
				INFOPLIST_KEY_UISupportedInterfaceOrientations_iPad = "UIInterfaceOrientationPortrait UIInterfaceOrientationPortraitUpsideDown UIInterfaceOrientationLandscapeLeft UIInterfaceOrientationLandscapeRight";
				INFOPLIST_KEY_UISupportedInterfaceOrientations_iPhone = "UIInterfaceOrientationPortrait UIInterfaceOrientationLandscapeLeft UIInterfaceOrientationLandscapeRight";
				LD_RUNPATH_SEARCH_PATHS = (
					"$(inherited)",
					"@executable_path/Frameworks",
				);
				MARKETING_VERSION = 1.0;
				PRODUCT_BUNDLE_IDENTIFIER = com.JuneHyeokHong.Client;
				PRODUCT_NAME = "$(TARGET_NAME)";
				SWIFT_EMIT_LOC_STRINGS = YES;
				SWIFT_VERSION = 5.0;
				TARGETED_DEVICE_FAMILY = "1,2";
			};
			name = Debug;
		};
		91A2905E291FDA5500BC6010 /* Release */ = {
			isa = XCBuildConfiguration;
			buildSettings = {
				ASSETCATALOG_COMPILER_APPICON_NAME = AppIcon;
				ASSETCATALOG_COMPILER_GLOBAL_ACCENT_COLOR_NAME = AccentColor;
				CODE_SIGN_STYLE = Automatic;
				CURRENT_PROJECT_VERSION = 1;
				DEVELOPMENT_TEAM = D96A3BCL3R;
				GENERATE_INFOPLIST_FILE = YES;
				INFOPLIST_FILE = Client/Info.plist;
				INFOPLIST_KEY_UIApplicationSupportsIndirectInputEvents = YES;
				INFOPLIST_KEY_UILaunchStoryboardName = LaunchScreen;
				INFOPLIST_KEY_UISupportedInterfaceOrientations_iPad = "UIInterfaceOrientationPortrait UIInterfaceOrientationPortraitUpsideDown UIInterfaceOrientationLandscapeLeft UIInterfaceOrientationLandscapeRight";
				INFOPLIST_KEY_UISupportedInterfaceOrientations_iPhone = "UIInterfaceOrientationPortrait UIInterfaceOrientationLandscapeLeft UIInterfaceOrientationLandscapeRight";
				LD_RUNPATH_SEARCH_PATHS = (
					"$(inherited)",
					"@executable_path/Frameworks",
				);
				MARKETING_VERSION = 1.0;
				PRODUCT_BUNDLE_IDENTIFIER = com.JuneHyeokHong.Client;
				PRODUCT_NAME = "$(TARGET_NAME)";
				SWIFT_EMIT_LOC_STRINGS = YES;
				SWIFT_VERSION = 5.0;
				TARGETED_DEVICE_FAMILY = "1,2";
			};
			name = Release;
		};
/* End XCBuildConfiguration section */

/* Begin XCConfigurationList section */
		91A29043291FDA5300BC6010 /* Build configuration list for PBXProject "Client" */ = {
			isa = XCConfigurationList;
			buildConfigurations = (
				91A2905A291FDA5500BC6010 /* Debug */,
				91A2905B291FDA5500BC6010 /* Release */,
			);
			defaultConfigurationIsVisible = 0;
			defaultConfigurationName = Release;
		};
		91A2905C291FDA5500BC6010 /* Build configuration list for PBXNativeTarget "Client" */ = {
			isa = XCConfigurationList;
			buildConfigurations = (
				91A2905D291FDA5500BC6010 /* Debug */,
				91A2905E291FDA5500BC6010 /* Release */,
			);
			defaultConfigurationIsVisible = 0;
			defaultConfigurationName = Release;
		};
/* End XCConfigurationList section */

/* Begin XCRemoteSwiftPackageReference section */
		91A29074291FE13200BC6010 /* XCRemoteSwiftPackageReference "SnapKit" */ = {
			isa = XCRemoteSwiftPackageReference;
			repositoryURL = "https://github.com/SnapKit/SnapKit.git";
			requirement = {
				branch = develop;
				kind = branch;
			};
		};
		91A29077291FE13A00BC6010 /* XCRemoteSwiftPackageReference "Then" */ = {
			isa = XCRemoteSwiftPackageReference;
			repositoryURL = "https://github.com/devxoul/Then.git";
			requirement = {
				branch = master;
				kind = branch;
			};
		};
		91A29087291FE51100BC6010 /* XCRemoteSwiftPackageReference "realm-swift" */ = {
			isa = XCRemoteSwiftPackageReference;
			repositoryURL = "https://github.com/realm/realm-swift.git";
			requirement = {
				branch = master;
				kind = branch;
			};
		};
/* End XCRemoteSwiftPackageReference section */

/* Begin XCSwiftPackageProductDependency section */
		91A29075291FE13200BC6010 /* SnapKit */ = {
			isa = XCSwiftPackageProductDependency;
			package = 91A29074291FE13200BC6010 /* XCRemoteSwiftPackageReference "SnapKit" */;
			productName = SnapKit;
		};
		91A29078291FE13A00BC6010 /* Then */ = {
			isa = XCSwiftPackageProductDependency;
			package = 91A29077291FE13A00BC6010 /* XCRemoteSwiftPackageReference "Then" */;
			productName = Then;
		};
		91A29088291FE51200BC6010 /* Realm */ = {
			isa = XCSwiftPackageProductDependency;
			package = 91A29087291FE51100BC6010 /* XCRemoteSwiftPackageReference "realm-swift" */;
			productName = Realm;
		};
		91A2908A291FE51200BC6010 /* RealmSwift */ = {
			isa = XCSwiftPackageProductDependency;
			package = 91A29087291FE51100BC6010 /* XCRemoteSwiftPackageReference "realm-swift" */;
			productName = RealmSwift;
		};
/* End XCSwiftPackageProductDependency section */
	};
	rootObject = 91A29040291FDA5300BC6010 /* Project object */;
}
